// !$*UTF8*$!
{
	archiveVersion = 1;
	classes = {
	};
	objectVersion = 56;
	objects = {

/* Begin PBXBuildFile section */
		BC51308C2BEC26DF00068769 /* AppDelegate.swift in Sources */ = {isa = PBXBuildFile; fileRef = BC51308B2BEC26DF00068769 /* AppDelegate.swift */; };
		BC51308E2BEC26DF00068769 /* SceneDelegate.swift in Sources */ = {isa = PBXBuildFile; fileRef = BC51308D2BEC26DF00068769 /* SceneDelegate.swift */; };
		BC5130902BEC26DF00068769 /* ViewController.swift in Sources */ = {isa = PBXBuildFile; fileRef = BC51308F2BEC26DF00068769 /* ViewController.swift */; };
		BC5130932BEC26DF00068769 /* Main.storyboard in Resources */ = {isa = PBXBuildFile; fileRef = BC5130912BEC26DF00068769 /* Main.storyboard */; };
		BC5130952BEC26E100068769 /* Assets.xcassets in Resources */ = {isa = PBXBuildFile; fileRef = BC5130942BEC26E100068769 /* Assets.xcassets */; };
		BC5130982BEC26E100068769 /* LaunchScreen.storyboard in Resources */ = {isa = PBXBuildFile; fileRef = BC5130962BEC26E100068769 /* LaunchScreen.storyboard */; };
		BC5130B62BEC294A00068769 /* RMCharacterListVC.xib in Resources */ = {isa = PBXBuildFile; fileRef = BC5130B02BEC294A00068769 /* RMCharacterListVC.xib */; };
		BC5130B72BEC294A00068769 /* RMCharacterListPresenter.swift in Sources */ = {isa = PBXBuildFile; fileRef = BC5130B12BEC294A00068769 /* RMCharacterListPresenter.swift */; };
		BC5130B82BEC294A00068769 /* RMCharacterListRouter.swift in Sources */ = {isa = PBXBuildFile; fileRef = BC5130B22BEC294A00068769 /* RMCharacterListRouter.swift */; };
		BC5130B92BEC294A00068769 /* RMCharacterListInteractor.swift in Sources */ = {isa = PBXBuildFile; fileRef = BC5130B32BEC294A00068769 /* RMCharacterListInteractor.swift */; };
		BC5130BA2BEC294A00068769 /* RMCharacterListProtocol.swift in Sources */ = {isa = PBXBuildFile; fileRef = BC5130B42BEC294A00068769 /* RMCharacterListProtocol.swift */; };
		BC5130BB2BEC294A00068769 /* RMCharacterListVC.swift in Sources */ = {isa = PBXBuildFile; fileRef = BC5130B52BEC294A00068769 /* RMCharacterListVC.swift */; };
		BC5130C42BEC2E4900068769 /* RMCharacterTableViewCell.swift in Sources */ = {isa = PBXBuildFile; fileRef = BC5130C22BEC2E4900068769 /* RMCharacterTableViewCell.swift */; };
		BC5130C52BEC2E4900068769 /* RMCharacterTableViewCell.xib in Resources */ = {isa = PBXBuildFile; fileRef = BC5130C32BEC2E4900068769 /* RMCharacterTableViewCell.xib */; };
		BC5130C82BEC2EBC00068769 /* CharacterEntity.swift in Sources */ = {isa = PBXBuildFile; fileRef = BC5130C72BEC2EBC00068769 /* CharacterEntity.swift */; };
		BC5130CA2BEC2ED300068769 /* CharacterListEntity.swift in Sources */ = {isa = PBXBuildFile; fileRef = BC5130C92BEC2ED300068769 /* CharacterListEntity.swift */; };
		BC5130CC2BEC2F7700068769 /* PaginatorEntity.swift in Sources */ = {isa = PBXBuildFile; fileRef = BC5130CB2BEC2F7700068769 /* PaginatorEntity.swift */; };
		BC5130CE2BEC2FD600068769 /* OriginEntity.swift in Sources */ = {isa = PBXBuildFile; fileRef = BC5130CD2BEC2FD600068769 /* OriginEntity.swift */; };
		BC5130D02BEC2FE100068769 /* CharacterLocationEntity.swift in Sources */ = {isa = PBXBuildFile; fileRef = BC5130CF2BEC2FE100068769 /* CharacterLocationEntity.swift */; };
		BC5130D52BEC3E6800068769 /* RMCharacterListManager.swift in Sources */ = {isa = PBXBuildFile; fileRef = BC5130D42BEC3E6800068769 /* RMCharacterListManager.swift */; };
		BC5130D72BEC3FC500068769 /* ClientHttp.swift in Sources */ = {isa = PBXBuildFile; fileRef = BC5130D62BEC3FC500068769 /* ClientHttp.swift */; };
		BC5130D92BEC3FEC00068769 /* ClientHttpProtocol.swift in Sources */ = {isa = PBXBuildFile; fileRef = BC5130D82BEC3FEC00068769 /* ClientHttpProtocol.swift */; };
		BC5130DB2BEC41E500068769 /* ConstansUrl.swift in Sources */ = {isa = PBXBuildFile; fileRef = BC5130DA2BEC41E500068769 /* ConstansUrl.swift */; };
		BC5130E32BED2DE000068769 /* RMCharacterDetailVC.xib in Resources */ = {isa = PBXBuildFile; fileRef = BC5130DD2BED2DE000068769 /* RMCharacterDetailVC.xib */; };
		BC5130E42BED2DE000068769 /* RMCharacterDetailPresenter.swift in Sources */ = {isa = PBXBuildFile; fileRef = BC5130DE2BED2DE000068769 /* RMCharacterDetailPresenter.swift */; };
		BC5130E52BED2DE000068769 /* RMCharacterDetailRouter.swift in Sources */ = {isa = PBXBuildFile; fileRef = BC5130DF2BED2DE000068769 /* RMCharacterDetailRouter.swift */; };
		BC5130E62BED2DE000068769 /* RMCharacterDetailInteractor.swift in Sources */ = {isa = PBXBuildFile; fileRef = BC5130E02BED2DE000068769 /* RMCharacterDetailInteractor.swift */; };
		BC5130E72BED2DE000068769 /* RMCharacterDetailProtocol.swift in Sources */ = {isa = PBXBuildFile; fileRef = BC5130E12BED2DE000068769 /* RMCharacterDetailProtocol.swift */; };
		BC5130E82BED2DE000068769 /* RMCharacterDetailVC.swift in Sources */ = {isa = PBXBuildFile; fileRef = BC5130E22BED2DE000068769 /* RMCharacterDetailVC.swift */; };
		BC5130EF2BED38FC00068769 /* RMCharacterDetailManager.swift in Sources */ = {isa = PBXBuildFile; fileRef = BC5130EE2BED38FC00068769 /* RMCharacterDetailManager.swift */; };
		BC5130F22BED4B0500068769 /* LocationEntity.swift in Sources */ = {isa = PBXBuildFile; fileRef = BC5130F12BED4B0500068769 /* LocationEntity.swift */; };
/* End PBXBuildFile section */

/* Begin PBXFileReference section */
		BC5130882BEC26DF00068769 /* RickAndMortyApp.app */ = {isa = PBXFileReference; explicitFileType = wrapper.application; includeInIndex = 0; path = RickAndMortyApp.app; sourceTree = BUILT_PRODUCTS_DIR; };
		BC51308B2BEC26DF00068769 /* AppDelegate.swift */ = {isa = PBXFileReference; lastKnownFileType = sourcecode.swift; path = AppDelegate.swift; sourceTree = "<group>"; };
		BC51308D2BEC26DF00068769 /* SceneDelegate.swift */ = {isa = PBXFileReference; lastKnownFileType = sourcecode.swift; path = SceneDelegate.swift; sourceTree = "<group>"; };
		BC51308F2BEC26DF00068769 /* ViewController.swift */ = {isa = PBXFileReference; lastKnownFileType = sourcecode.swift; path = ViewController.swift; sourceTree = "<group>"; };
		BC5130922BEC26DF00068769 /* Base */ = {isa = PBXFileReference; lastKnownFileType = file.storyboard; name = Base; path = Base.lproj/Main.storyboard; sourceTree = "<group>"; };
		BC5130942BEC26E100068769 /* Assets.xcassets */ = {isa = PBXFileReference; lastKnownFileType = folder.assetcatalog; path = Assets.xcassets; sourceTree = "<group>"; };
		BC5130972BEC26E100068769 /* Base */ = {isa = PBXFileReference; lastKnownFileType = file.storyboard; name = Base; path = Base.lproj/LaunchScreen.storyboard; sourceTree = "<group>"; };
		BC5130992BEC26E100068769 /* Info.plist */ = {isa = PBXFileReference; lastKnownFileType = text.plist.xml; path = Info.plist; sourceTree = "<group>"; };
		BC5130B02BEC294A00068769 /* RMCharacterListVC.xib */ = {isa = PBXFileReference; lastKnownFileType = file.xib; path = RMCharacterListVC.xib; sourceTree = "<group>"; };
		BC5130B12BEC294A00068769 /* RMCharacterListPresenter.swift */ = {isa = PBXFileReference; lastKnownFileType = sourcecode.swift; path = RMCharacterListPresenter.swift; sourceTree = "<group>"; };
		BC5130B22BEC294A00068769 /* RMCharacterListRouter.swift */ = {isa = PBXFileReference; lastKnownFileType = sourcecode.swift; path = RMCharacterListRouter.swift; sourceTree = "<group>"; };
		BC5130B32BEC294A00068769 /* RMCharacterListInteractor.swift */ = {isa = PBXFileReference; lastKnownFileType = sourcecode.swift; path = RMCharacterListInteractor.swift; sourceTree = "<group>"; };
		BC5130B42BEC294A00068769 /* RMCharacterListProtocol.swift */ = {isa = PBXFileReference; lastKnownFileType = sourcecode.swift; path = RMCharacterListProtocol.swift; sourceTree = "<group>"; };
		BC5130B52BEC294A00068769 /* RMCharacterListVC.swift */ = {isa = PBXFileReference; lastKnownFileType = sourcecode.swift; path = RMCharacterListVC.swift; sourceTree = "<group>"; };
		BC5130C22BEC2E4900068769 /* RMCharacterTableViewCell.swift */ = {isa = PBXFileReference; lastKnownFileType = sourcecode.swift; path = RMCharacterTableViewCell.swift; sourceTree = "<group>"; };
		BC5130C32BEC2E4900068769 /* RMCharacterTableViewCell.xib */ = {isa = PBXFileReference; lastKnownFileType = file.xib; path = RMCharacterTableViewCell.xib; sourceTree = "<group>"; };
		BC5130C72BEC2EBC00068769 /* CharacterEntity.swift */ = {isa = PBXFileReference; lastKnownFileType = sourcecode.swift; path = CharacterEntity.swift; sourceTree = "<group>"; };
		BC5130C92BEC2ED300068769 /* CharacterListEntity.swift */ = {isa = PBXFileReference; lastKnownFileType = sourcecode.swift; path = CharacterListEntity.swift; sourceTree = "<group>"; };
		BC5130CB2BEC2F7700068769 /* PaginatorEntity.swift */ = {isa = PBXFileReference; lastKnownFileType = sourcecode.swift; path = PaginatorEntity.swift; sourceTree = "<group>"; };
		BC5130CD2BEC2FD600068769 /* OriginEntity.swift */ = {isa = PBXFileReference; lastKnownFileType = sourcecode.swift; path = OriginEntity.swift; sourceTree = "<group>"; };
		BC5130CF2BEC2FE100068769 /* CharacterLocationEntity.swift */ = {isa = PBXFileReference; lastKnownFileType = sourcecode.swift; path = CharacterLocationEntity.swift; sourceTree = "<group>"; };
		BC5130D42BEC3E6800068769 /* RMCharacterListManager.swift */ = {isa = PBXFileReference; lastKnownFileType = sourcecode.swift; path = RMCharacterListManager.swift; sourceTree = "<group>"; };
		BC5130D62BEC3FC500068769 /* ClientHttp.swift */ = {isa = PBXFileReference; lastKnownFileType = sourcecode.swift; path = ClientHttp.swift; sourceTree = "<group>"; };
		BC5130D82BEC3FEC00068769 /* ClientHttpProtocol.swift */ = {isa = PBXFileReference; lastKnownFileType = sourcecode.swift; path = ClientHttpProtocol.swift; sourceTree = "<group>"; };
		BC5130DA2BEC41E500068769 /* ConstansUrl.swift */ = {isa = PBXFileReference; lastKnownFileType = sourcecode.swift; path = ConstansUrl.swift; sourceTree = "<group>"; };
		BC5130DD2BED2DE000068769 /* RMCharacterDetailVC.xib */ = {isa = PBXFileReference; lastKnownFileType = file.xib; path = RMCharacterDetailVC.xib; sourceTree = "<group>"; };
		BC5130DE2BED2DE000068769 /* RMCharacterDetailPresenter.swift */ = {isa = PBXFileReference; lastKnownFileType = sourcecode.swift; path = RMCharacterDetailPresenter.swift; sourceTree = "<group>"; };
		BC5130DF2BED2DE000068769 /* RMCharacterDetailRouter.swift */ = {isa = PBXFileReference; lastKnownFileType = sourcecode.swift; path = RMCharacterDetailRouter.swift; sourceTree = "<group>"; };
		BC5130E02BED2DE000068769 /* RMCharacterDetailInteractor.swift */ = {isa = PBXFileReference; lastKnownFileType = sourcecode.swift; path = RMCharacterDetailInteractor.swift; sourceTree = "<group>"; };
		BC5130E12BED2DE000068769 /* RMCharacterDetailProtocol.swift */ = {isa = PBXFileReference; lastKnownFileType = sourcecode.swift; path = RMCharacterDetailProtocol.swift; sourceTree = "<group>"; };
		BC5130E22BED2DE000068769 /* RMCharacterDetailVC.swift */ = {isa = PBXFileReference; lastKnownFileType = sourcecode.swift; path = RMCharacterDetailVC.swift; sourceTree = "<group>"; };
		BC5130EE2BED38FC00068769 /* RMCharacterDetailManager.swift */ = {isa = PBXFileReference; lastKnownFileType = sourcecode.swift; path = RMCharacterDetailManager.swift; sourceTree = "<group>"; };
		BC5130F12BED4B0500068769 /* LocationEntity.swift */ = {isa = PBXFileReference; lastKnownFileType = sourcecode.swift; path = LocationEntity.swift; sourceTree = "<group>"; };
/* End PBXFileReference section */

/* Begin PBXFrameworksBuildPhase section */
		BC5130852BEC26DF00068769 /* Frameworks */ = {
			isa = PBXFrameworksBuildPhase;
			buildActionMask = 2147483647;
			files = (
			);
			runOnlyForDeploymentPostprocessing = 0;
		};
/* End PBXFrameworksBuildPhase section */

/* Begin PBXGroup section */
		BC51307F2BEC26DF00068769 = {
			isa = PBXGroup;
			children = (
				BC51308A2BEC26DF00068769 /* RickAndMortyApp */,
				BC5130892BEC26DF00068769 /* Products */,
			);
			sourceTree = "<group>";
		};
		BC5130892BEC26DF00068769 /* Products */ = {
			isa = PBXGroup;
			children = (
				BC5130882BEC26DF00068769 /* RickAndMortyApp.app */,
			);
			name = Products;
			sourceTree = "<group>";
		};
		BC51308A2BEC26DF00068769 /* RickAndMortyApp */ = {
			isa = PBXGroup;
			children = (
				BC5130DC2BED2DA800068769 /* CharacterDetail */,
				BC5130AF2BEC291B00068769 /* CharacterList */,
				BC5130AE2BEC279400068769 /* Network */,
				BC5130AC2BEC274900068769 /* Constants */,
				BC51308B2BEC26DF00068769 /* AppDelegate.swift */,
				BC51308D2BEC26DF00068769 /* SceneDelegate.swift */,
				BC51308F2BEC26DF00068769 /* ViewController.swift */,
				BC5130912BEC26DF00068769 /* Main.storyboard */,
				BC5130942BEC26E100068769 /* Assets.xcassets */,
				BC5130962BEC26E100068769 /* LaunchScreen.storyboard */,
				BC5130992BEC26E100068769 /* Info.plist */,
			);
			path = RickAndMortyApp;
			sourceTree = "<group>";
		};
		BC5130AC2BEC274900068769 /* Constants */ = {
			isa = PBXGroup;
			children = (
				BC5130DA2BEC41E500068769 /* ConstansUrl.swift */,
			);
			path = Constants;
			sourceTree = "<group>";
		};
		BC5130AE2BEC279400068769 /* Network */ = {
			isa = PBXGroup;
			children = (
				BC5130D62BEC3FC500068769 /* ClientHttp.swift */,
				BC5130D82BEC3FEC00068769 /* ClientHttpProtocol.swift */,
			);
			path = Network;
			sourceTree = "<group>";
		};
		BC5130AF2BEC291B00068769 /* CharacterList */ = {
			isa = PBXGroup;
			children = (
				BC5130D32BEC3E4800068769 /* Manager */,
				BC5130C62BEC2E5700068769 /* Entity */,
				BC5130C02BEC29EA00068769 /* Protocol */,
				BC5130BF2BEC29DD00068769 /* Presenter */,
				BC5130BE2BEC29D100068769 /* Interactor */,
				BC5130BD2BEC29C700068769 /* Router */,
				BC5130BC2BEC29B900068769 /* View */,
			);
			path = CharacterList;
			sourceTree = "<group>";
		};
		BC5130BC2BEC29B900068769 /* View */ = {
			isa = PBXGroup;
			children = (
				BC5130C12BEC2E2100068769 /* TableCell */,
				BC5130B52BEC294A00068769 /* RMCharacterListVC.swift */,
				BC5130B02BEC294A00068769 /* RMCharacterListVC.xib */,
			);
			path = View;
			sourceTree = "<group>";
		};
		BC5130BD2BEC29C700068769 /* Router */ = {
			isa = PBXGroup;
			children = (
				BC5130B22BEC294A00068769 /* RMCharacterListRouter.swift */,
			);
			path = Router;
			sourceTree = "<group>";
		};
		BC5130BE2BEC29D100068769 /* Interactor */ = {
			isa = PBXGroup;
			children = (
				BC5130B32BEC294A00068769 /* RMCharacterListInteractor.swift */,
			);
			path = Interactor;
			sourceTree = "<group>";
		};
		BC5130BF2BEC29DD00068769 /* Presenter */ = {
			isa = PBXGroup;
			children = (
				BC5130B12BEC294A00068769 /* RMCharacterListPresenter.swift */,
			);
			path = Presenter;
			sourceTree = "<group>";
		};
		BC5130C02BEC29EA00068769 /* Protocol */ = {
			isa = PBXGroup;
			children = (
				BC5130B42BEC294A00068769 /* RMCharacterListProtocol.swift */,
			);
			path = Protocol;
			sourceTree = "<group>";
		};
		BC5130C12BEC2E2100068769 /* TableCell */ = {
			isa = PBXGroup;
			children = (
				BC5130C22BEC2E4900068769 /* RMCharacterTableViewCell.swift */,
				BC5130C32BEC2E4900068769 /* RMCharacterTableViewCell.xib */,
			);
			path = TableCell;
			sourceTree = "<group>";
		};
		BC5130C62BEC2E5700068769 /* Entity */ = {
			isa = PBXGroup;
			children = (
				BC5130C72BEC2EBC00068769 /* CharacterEntity.swift */,
				BC5130C92BEC2ED300068769 /* CharacterListEntity.swift */,
				BC5130CB2BEC2F7700068769 /* PaginatorEntity.swift */,
				BC5130CD2BEC2FD600068769 /* OriginEntity.swift */,
				BC5130CF2BEC2FE100068769 /* CharacterLocationEntity.swift */,
			);
			path = Entity;
			sourceTree = "<group>";
		};
		BC5130D32BEC3E4800068769 /* Manager */ = {
			isa = PBXGroup;
			children = (
				BC5130D42BEC3E6800068769 /* RMCharacterListManager.swift */,
			);
			path = Manager;
			sourceTree = "<group>";
		};
		BC5130DC2BED2DA800068769 /* CharacterDetail */ = {
			isa = PBXGroup;
			children = (
				BC5130F32BED4B0900068769 /* Entity */,
				BC5130F02BED394600068769 /* Manager */,
				BC5130ED2BED2E1700068769 /* View */,
				BC5130EC2BED2E0800068769 /* Router */,
				BC5130EB2BED2DFF00068769 /* Presenter */,
				BC5130EA2BED2DF200068769 /* Interactor */,
				BC5130E92BED2DE900068769 /* Protocol */,
			);
			path = CharacterDetail;
			sourceTree = "<group>";
		};
		BC5130E92BED2DE900068769 /* Protocol */ = {
			isa = PBXGroup;
			children = (
				BC5130E12BED2DE000068769 /* RMCharacterDetailProtocol.swift */,
			);
			path = Protocol;
			sourceTree = "<group>";
		};
		BC5130EA2BED2DF200068769 /* Interactor */ = {
			isa = PBXGroup;
			children = (
				BC5130E02BED2DE000068769 /* RMCharacterDetailInteractor.swift */,
			);
			path = Interactor;
			sourceTree = "<group>";
		};
		BC5130EB2BED2DFF00068769 /* Presenter */ = {
			isa = PBXGroup;
			children = (
				BC5130DE2BED2DE000068769 /* RMCharacterDetailPresenter.swift */,
			);
			path = Presenter;
			sourceTree = "<group>";
		};
		BC5130EC2BED2E0800068769 /* Router */ = {
			isa = PBXGroup;
			children = (
				BC5130DF2BED2DE000068769 /* RMCharacterDetailRouter.swift */,
			);
			path = Router;
			sourceTree = "<group>";
		};
		BC5130ED2BED2E1700068769 /* View */ = {
			isa = PBXGroup;
			children = (
				BC5130E22BED2DE000068769 /* RMCharacterDetailVC.swift */,
				BC5130DD2BED2DE000068769 /* RMCharacterDetailVC.xib */,
			);
			path = View;
			sourceTree = "<group>";
		};
		BC5130F02BED394600068769 /* Manager */ = {
			isa = PBXGroup;
			children = (
				BC5130EE2BED38FC00068769 /* RMCharacterDetailManager.swift */,
			);
			path = Manager;
			sourceTree = "<group>";
		};
		BC5130F32BED4B0900068769 /* Entity */ = {
			isa = PBXGroup;
			children = (
				BC5130F12BED4B0500068769 /* LocationEntity.swift */,
			);
			path = Entity;
			sourceTree = "<group>";
		};
/* End PBXGroup section */

/* Begin PBXNativeTarget section */
		BC5130872BEC26DF00068769 /* RickAndMortyApp */ = {
			isa = PBXNativeTarget;
			buildConfigurationList = BC51309C2BEC26E100068769 /* Build configuration list for PBXNativeTarget "RickAndMortyApp" */;
			buildPhases = (
				BC5130842BEC26DF00068769 /* Sources */,
				BC5130852BEC26DF00068769 /* Frameworks */,
				BC5130862BEC26DF00068769 /* Resources */,
			);
			buildRules = (
			);
			dependencies = (
			);
			name = RickAndMortyApp;
			productName = RickAndMortyApp;
			productReference = BC5130882BEC26DF00068769 /* RickAndMortyApp.app */;
			productType = "com.apple.product-type.application";
		};
/* End PBXNativeTarget section */

/* Begin PBXProject section */
		BC5130802BEC26DF00068769 /* Project object */ = {
			isa = PBXProject;
			attributes = {
				BuildIndependentTargetsInParallel = 1;
				LastSwiftUpdateCheck = 1520;
				LastUpgradeCheck = 1520;
				TargetAttributes = {
					BC5130872BEC26DF00068769 = {
						CreatedOnToolsVersion = 15.2;
					};
				};
			};
			buildConfigurationList = BC5130832BEC26DF00068769 /* Build configuration list for PBXProject "RickAndMortyApp" */;
			compatibilityVersion = "Xcode 14.0";
			developmentRegion = en;
			hasScannedForEncodings = 0;
			knownRegions = (
				en,
				Base,
			);
			mainGroup = BC51307F2BEC26DF00068769;
			productRefGroup = BC5130892BEC26DF00068769 /* Products */;
			projectDirPath = "";
			projectRoot = "";
			targets = (
				BC5130872BEC26DF00068769 /* RickAndMortyApp */,
			);
		};
/* End PBXProject section */

/* Begin PBXResourcesBuildPhase section */
		BC5130862BEC26DF00068769 /* Resources */ = {
			isa = PBXResourcesBuildPhase;
			buildActionMask = 2147483647;
			files = (
				BC5130982BEC26E100068769 /* LaunchScreen.storyboard in Resources */,
				BC5130952BEC26E100068769 /* Assets.xcassets in Resources */,
				BC5130C52BEC2E4900068769 /* RMCharacterTableViewCell.xib in Resources */,
				BC5130932BEC26DF00068769 /* Main.storyboard in Resources */,
				BC5130E32BED2DE000068769 /* RMCharacterDetailVC.xib in Resources */,
				BC5130B62BEC294A00068769 /* RMCharacterListVC.xib in Resources */,
			);
			runOnlyForDeploymentPostprocessing = 0;
		};
/* End PBXResourcesBuildPhase section */

/* Begin PBXSourcesBuildPhase section */
		BC5130842BEC26DF00068769 /* Sources */ = {
			isa = PBXSourcesBuildPhase;
			buildActionMask = 2147483647;
			files = (
				BC5130BA2BEC294A00068769 /* RMCharacterListProtocol.swift in Sources */,
				BC5130902BEC26DF00068769 /* ViewController.swift in Sources */,
				BC5130D92BEC3FEC00068769 /* ClientHttpProtocol.swift in Sources */,
				BC5130EF2BED38FC00068769 /* RMCharacterDetailManager.swift in Sources */,
				BC5130D52BEC3E6800068769 /* RMCharacterListManager.swift in Sources */,
				BC5130E52BED2DE000068769 /* RMCharacterDetailRouter.swift in Sources */,
				BC5130CC2BEC2F7700068769 /* PaginatorEntity.swift in Sources */,
				BC5130C42BEC2E4900068769 /* RMCharacterTableViewCell.swift in Sources */,
				BC5130B92BEC294A00068769 /* RMCharacterListInteractor.swift in Sources */,
				BC5130E42BED2DE000068769 /* RMCharacterDetailPresenter.swift in Sources */,
				BC5130E72BED2DE000068769 /* RMCharacterDetailProtocol.swift in Sources */,
				BC5130BB2BEC294A00068769 /* RMCharacterListVC.swift in Sources */,
				BC5130DB2BEC41E500068769 /* ConstansUrl.swift in Sources */,
				BC5130F22BED4B0500068769 /* LocationEntity.swift in Sources */,
				BC5130CA2BEC2ED300068769 /* CharacterListEntity.swift in Sources */,
				BC5130B82BEC294A00068769 /* RMCharacterListRouter.swift in Sources */,
				BC5130D72BEC3FC500068769 /* ClientHttp.swift in Sources */,
				BC5130E82BED2DE000068769 /* RMCharacterDetailVC.swift in Sources */,
				BC5130B72BEC294A00068769 /* RMCharacterListPresenter.swift in Sources */,
				BC5130D02BEC2FE100068769 /* CharacterLocationEntity.swift in Sources */,
				BC5130C82BEC2EBC00068769 /* CharacterEntity.swift in Sources */,
				BC5130E62BED2DE000068769 /* RMCharacterDetailInteractor.swift in Sources */,
				BC5130CE2BEC2FD600068769 /* OriginEntity.swift in Sources */,
				BC51308C2BEC26DF00068769 /* AppDelegate.swift in Sources */,
				BC51308E2BEC26DF00068769 /* SceneDelegate.swift in Sources */,
			);
			runOnlyForDeploymentPostprocessing = 0;
		};
/* End PBXSourcesBuildPhase section */

/* Begin PBXVariantGroup section */
		BC5130912BEC26DF00068769 /* Main.storyboard */ = {
			isa = PBXVariantGroup;
			children = (
				BC5130922BEC26DF00068769 /* Base */,
			);
			name = Main.storyboard;
			sourceTree = "<group>";
		};
		BC5130962BEC26E100068769 /* LaunchScreen.storyboard */ = {
			isa = PBXVariantGroup;
			children = (
				BC5130972BEC26E100068769 /* Base */,
			);
			name = LaunchScreen.storyboard;
			sourceTree = "<group>";
		};
/* End PBXVariantGroup section */

/* Begin XCBuildConfiguration section */
		BC51309A2BEC26E100068769 /* Debug */ = {
			isa = XCBuildConfiguration;
			buildSettings = {
				ALWAYS_SEARCH_USER_PATHS = NO;
				ASSETCATALOG_COMPILER_GENERATE_SWIFT_ASSET_SYMBOL_EXTENSIONS = YES;
				CLANG_ANALYZER_NONNULL = YES;
				CLANG_ANALYZER_NUMBER_OBJECT_CONVERSION = YES_AGGRESSIVE;
				CLANG_CXX_LANGUAGE_STANDARD = "gnu++20";
				CLANG_ENABLE_MODULES = YES;
				CLANG_ENABLE_OBJC_ARC = YES;
				CLANG_ENABLE_OBJC_WEAK = YES;
				CLANG_WARN_BLOCK_CAPTURE_AUTORELEASING = YES;
				CLANG_WARN_BOOL_CONVERSION = YES;
				CLANG_WARN_COMMA = YES;
				CLANG_WARN_CONSTANT_CONVERSION = YES;
				CLANG_WARN_DEPRECATED_OBJC_IMPLEMENTATIONS = YES;
				CLANG_WARN_DIRECT_OBJC_ISA_USAGE = YES_ERROR;
				CLANG_WARN_DOCUMENTATION_COMMENTS = YES;
				CLANG_WARN_EMPTY_BODY = YES;
				CLANG_WARN_ENUM_CONVERSION = YES;
				CLANG_WARN_INFINITE_RECURSION = YES;
				CLANG_WARN_INT_CONVERSION = YES;
				CLANG_WARN_NON_LITERAL_NULL_CONVERSION = YES;
				CLANG_WARN_OBJC_IMPLICIT_RETAIN_SELF = YES;
				CLANG_WARN_OBJC_LITERAL_CONVERSION = YES;
				CLANG_WARN_OBJC_ROOT_CLASS = YES_ERROR;
				CLANG_WARN_QUOTED_INCLUDE_IN_FRAMEWORK_HEADER = YES;
				CLANG_WARN_RANGE_LOOP_ANALYSIS = YES;
				CLANG_WARN_STRICT_PROTOTYPES = YES;
				CLANG_WARN_SUSPICIOUS_MOVE = YES;
				CLANG_WARN_UNGUARDED_AVAILABILITY = YES_AGGRESSIVE;
				CLANG_WARN_UNREACHABLE_CODE = YES;
				CLANG_WARN__DUPLICATE_METHOD_MATCH = YES;
				COPY_PHASE_STRIP = NO;
				DEBUG_INFORMATION_FORMAT = dwarf;
				ENABLE_STRICT_OBJC_MSGSEND = YES;
				ENABLE_TESTABILITY = YES;
				ENABLE_USER_SCRIPT_SANDBOXING = YES;
				GCC_C_LANGUAGE_STANDARD = gnu17;
				GCC_DYNAMIC_NO_PIC = NO;
				GCC_NO_COMMON_BLOCKS = YES;
				GCC_OPTIMIZATION_LEVEL = 0;
				GCC_PREPROCESSOR_DEFINITIONS = (
					"DEBUG=1",
					"$(inherited)",
				);
				GCC_WARN_64_TO_32_BIT_CONVERSION = YES;
				GCC_WARN_ABOUT_RETURN_TYPE = YES_ERROR;
				GCC_WARN_UNDECLARED_SELECTOR = YES;
				GCC_WARN_UNINITIALIZED_AUTOS = YES_AGGRESSIVE;
				GCC_WARN_UNUSED_FUNCTION = YES;
				GCC_WARN_UNUSED_VARIABLE = YES;
				IPHONEOS_DEPLOYMENT_TARGET = 17.2;
				LOCALIZATION_PREFERS_STRING_CATALOGS = YES;
				MTL_ENABLE_DEBUG_INFO = INCLUDE_SOURCE;
				MTL_FAST_MATH = YES;
				ONLY_ACTIVE_ARCH = YES;
				SDKROOT = iphoneos;
				SWIFT_ACTIVE_COMPILATION_CONDITIONS = "DEBUG $(inherited)";
				SWIFT_OPTIMIZATION_LEVEL = "-Onone";
			};
			name = Debug;
		};
		BC51309B2BEC26E100068769 /* Release */ = {
			isa = XCBuildConfiguration;
			buildSettings = {
				ALWAYS_SEARCH_USER_PATHS = NO;
				ASSETCATALOG_COMPILER_GENERATE_SWIFT_ASSET_SYMBOL_EXTENSIONS = YES;
				CLANG_ANALYZER_NONNULL = YES;
				CLANG_ANALYZER_NUMBER_OBJECT_CONVERSION = YES_AGGRESSIVE;
				CLANG_CXX_LANGUAGE_STANDARD = "gnu++20";
				CLANG_ENABLE_MODULES = YES;
				CLANG_ENABLE_OBJC_ARC = YES;
				CLANG_ENABLE_OBJC_WEAK = YES;
				CLANG_WARN_BLOCK_CAPTURE_AUTORELEASING = YES;
				CLANG_WARN_BOOL_CONVERSION = YES;
				CLANG_WARN_COMMA = YES;
				CLANG_WARN_CONSTANT_CONVERSION = YES;
				CLANG_WARN_DEPRECATED_OBJC_IMPLEMENTATIONS = YES;
				CLANG_WARN_DIRECT_OBJC_ISA_USAGE = YES_ERROR;
				CLANG_WARN_DOCUMENTATION_COMMENTS = YES;
				CLANG_WARN_EMPTY_BODY = YES;
				CLANG_WARN_ENUM_CONVERSION = YES;
				CLANG_WARN_INFINITE_RECURSION = YES;
				CLANG_WARN_INT_CONVERSION = YES;
				CLANG_WARN_NON_LITERAL_NULL_CONVERSION = YES;
				CLANG_WARN_OBJC_IMPLICIT_RETAIN_SELF = YES;
				CLANG_WARN_OBJC_LITERAL_CONVERSION = YES;
				CLANG_WARN_OBJC_ROOT_CLASS = YES_ERROR;
				CLANG_WARN_QUOTED_INCLUDE_IN_FRAMEWORK_HEADER = YES;
				CLANG_WARN_RANGE_LOOP_ANALYSIS = YES;
				CLANG_WARN_STRICT_PROTOTYPES = YES;
				CLANG_WARN_SUSPICIOUS_MOVE = YES;
				CLANG_WARN_UNGUARDED_AVAILABILITY = YES_AGGRESSIVE;
				CLANG_WARN_UNREACHABLE_CODE = YES;
				CLANG_WARN__DUPLICATE_METHOD_MATCH = YES;
				COPY_PHASE_STRIP = NO;
				DEBUG_INFORMATION_FORMAT = "dwarf-with-dsym";
				ENABLE_NS_ASSERTIONS = NO;
				ENABLE_STRICT_OBJC_MSGSEND = YES;
				ENABLE_USER_SCRIPT_SANDBOXING = YES;
				GCC_C_LANGUAGE_STANDARD = gnu17;
				GCC_NO_COMMON_BLOCKS = YES;
				GCC_WARN_64_TO_32_BIT_CONVERSION = YES;
				GCC_WARN_ABOUT_RETURN_TYPE = YES_ERROR;
				GCC_WARN_UNDECLARED_SELECTOR = YES;
				GCC_WARN_UNINITIALIZED_AUTOS = YES_AGGRESSIVE;
				GCC_WARN_UNUSED_FUNCTION = YES;
				GCC_WARN_UNUSED_VARIABLE = YES;
				IPHONEOS_DEPLOYMENT_TARGET = 17.2;
				LOCALIZATION_PREFERS_STRING_CATALOGS = YES;
				MTL_ENABLE_DEBUG_INFO = NO;
				MTL_FAST_MATH = YES;
				SDKROOT = iphoneos;
				SWIFT_COMPILATION_MODE = wholemodule;
				VALIDATE_PRODUCT = YES;
			};
			name = Release;
		};
		BC51309D2BEC26E100068769 /* Debug */ = {
			isa = XCBuildConfiguration;
			buildSettings = {
				ASSETCATALOG_COMPILER_APPICON_NAME = AppIcon;
				ASSETCATALOG_COMPILER_GLOBAL_ACCENT_COLOR_NAME = AccentColor;
				CODE_SIGN_STYLE = Automatic;
				CURRENT_PROJECT_VERSION = 1;
				DEVELOPMENT_TEAM = L4CN9QN84H;
				GENERATE_INFOPLIST_FILE = YES;
				INFOPLIST_FILE = RickAndMortyApp/Info.plist;
				INFOPLIST_KEY_UIApplicationSupportsIndirectInputEvents = YES;
				INFOPLIST_KEY_UILaunchStoryboardName = LaunchScreen;
				INFOPLIST_KEY_UIMainStoryboardFile = Main;
				INFOPLIST_KEY_UISupportedInterfaceOrientations_iPad = "UIInterfaceOrientationPortrait UIInterfaceOrientationPortraitUpsideDown UIInterfaceOrientationLandscapeLeft UIInterfaceOrientationLandscapeRight";
				INFOPLIST_KEY_UISupportedInterfaceOrientations_iPhone = "UIInterfaceOrientationPortrait UIInterfaceOrientationLandscapeLeft UIInterfaceOrientationLandscapeRight";
				LD_RUNPATH_SEARCH_PATHS = (
					"$(inherited)",
					"@executable_path/Frameworks",
				);
				MARKETING_VERSION = 1.0;
				PRODUCT_BUNDLE_IDENTIFIER = curso.RickAndMortyApp;
				PRODUCT_NAME = "$(TARGET_NAME)";
				SWIFT_EMIT_LOC_STRINGS = YES;
				SWIFT_VERSION = 5.0;
				TARGETED_DEVICE_FAMILY = "1,2";
			};
			name = Debug;
		};
		BC51309E2BEC26E100068769 /* Release */ = {
			isa = XCBuildConfiguration;
			buildSettings = {
				ASSETCATALOG_COMPILER_APPICON_NAME = AppIcon;
				ASSETCATALOG_COMPILER_GLOBAL_ACCENT_COLOR_NAME = AccentColor;
				CODE_SIGN_STYLE = Automatic;
				CURRENT_PROJECT_VERSION = 1;
				DEVELOPMENT_TEAM = L4CN9QN84H;
				GENERATE_INFOPLIST_FILE = YES;
				INFOPLIST_FILE = RickAndMortyApp/Info.plist;
				INFOPLIST_KEY_UIApplicationSupportsIndirectInputEvents = YES;
				INFOPLIST_KEY_UILaunchStoryboardName = LaunchScreen;
				INFOPLIST_KEY_UIMainStoryboardFile = Main;
				INFOPLIST_KEY_UISupportedInterfaceOrientations_iPad = "UIInterfaceOrientationPortrait UIInterfaceOrientationPortraitUpsideDown UIInterfaceOrientationLandscapeLeft UIInterfaceOrientationLandscapeRight";
				INFOPLIST_KEY_UISupportedInterfaceOrientations_iPhone = "UIInterfaceOrientationPortrait UIInterfaceOrientationLandscapeLeft UIInterfaceOrientationLandscapeRight";
				LD_RUNPATH_SEARCH_PATHS = (
					"$(inherited)",
					"@executable_path/Frameworks",
				);
				MARKETING_VERSION = 1.0;
				PRODUCT_BUNDLE_IDENTIFIER = curso.RickAndMortyApp;
				PRODUCT_NAME = "$(TARGET_NAME)";
				SWIFT_EMIT_LOC_STRINGS = YES;
				SWIFT_VERSION = 5.0;
				TARGETED_DEVICE_FAMILY = "1,2";
			};
			name = Release;
		};
/* End XCBuildConfiguration section */

/* Begin XCConfigurationList section */
		BC5130832BEC26DF00068769 /* Build configuration list for PBXProject "RickAndMortyApp" */ = {
			isa = XCConfigurationList;
			buildConfigurations = (
				BC51309A2BEC26E100068769 /* Debug */,
				BC51309B2BEC26E100068769 /* Release */,
			);
			defaultConfigurationIsVisible = 0;
			defaultConfigurationName = Release;
		};
		BC51309C2BEC26E100068769 /* Build configuration list for PBXNativeTarget "RickAndMortyApp" */ = {
			isa = XCConfigurationList;
			buildConfigurations = (
				BC51309D2BEC26E100068769 /* Debug */,
				BC51309E2BEC26E100068769 /* Release */,
			);
			defaultConfigurationIsVisible = 0;
			defaultConfigurationName = Release;
		};
/* End XCConfigurationList section */
	};
	rootObject = BC5130802BEC26DF00068769 /* Project object */;
}
